<?xml version="1.0" encoding="utf-8"?>
<Project ToolsVersion="4.0" xmlns="http://schemas.microsoft.com/developer/msbuild/2003">
  <ItemGroup>
    <Filter Include="Source Files">
      <UniqueIdentifier>{4FC737F1-C7A5-4376-A066-2A32D752A2FF}</UniqueIdentifier>
      <Extensions>cpp;c;cc;cxx;def;odl;idl;hpj;bat;asm;asmx</Extensions>
    </Filter>
    <Filter Include="Header Files">
      <UniqueIdentifier>{93995380-89BD-4b04-88EB-625FBE52EBFB}</UniqueIdentifier>
      <Extensions>h;hh;hpp;hxx;hm;inl;inc;xsd</Extensions>
    </Filter>
    <Filter Include="Resource Files">
      <UniqueIdentifier>{67DA6AB6-F800-4c08-8B7A-83BB121AAD01}</UniqueIdentifier>
      <Extensions>rc;ico;cur;bmp;dlg;rc2;rct;bin;rgs;gif;jpg;jpeg;jpe;resx;tiff;tif;png;wav;mfcribbon-ms</Extensions>
    </Filter>
  </ItemGroup>
  <ItemGroup>
    <ClCompile Include="Source.cpp">
      <Filter>Source Files</Filter>
    </ClCompile>
    <ClCompile Include="shadersLoader.cpp">
      <Filter>Source Files</Filter>
    </ClCompile>
    <ClCompile Include="..\GL\tinyfiledialogs.c">
      <Filter>Source Files</Filter>
    </ClCompile>
  </ItemGroup>
  <ItemGroup>
    <ClInclude Include="ShadersLoader.h">
      <Filter>Header Files</Filter>
    </ClInclude>
    <ClInclude Include="..\GL\tinyfiledialogs.h">
      <Filter>Header Files</Filter>
    </ClInclude>
  </ItemGroup>
  <ItemGroup>
    <None Include="fragment_shader.glsl" />
    <None Include="vertex_shader.glsl" />
    <None Include="fragment_shader2.glsl" />
    <None Include="fragment_shader3.glsl" />
    <None Include="fragment_shader4.glsl" />
    <None Include="fragment_shader5.glsl" />
    <None Include="fragment_shader6.glsl" />
    <None Include="fragment_shader7.glsl" />
    <None Include="fragment_shader8.glsl" />
    <None Include="fragment_shader9.glsl" />
    <None Include="fragment_shader1.glsl" />
    <None Include="fragment_shader10.glsl" />
  </ItemGroup>
</Project>